{
  "name": "@bytescale/upload-widget-angular",
  "version": "9.15.0",
  "lockfileVersion": 3,
  "requires": true,
  "packages": {
    "": {
      "name": "@bytescale/upload-widget-angular",
      "version": "9.15.0",
      "license": "MIT",
      "dependencies": {
        "tslib": "^2.3.0"
      },
      "peerDependencies": {
        "@angular/common": "^17.3.0",
        "@angular/core": "^17.3.0",
        "@bytescale/upload-widget": "^4.27.0"
      }
    },
    "node_modules/@angular/common": {
      "version": "17.3.12",
      "resolved": "https://registry.npmjs.org/@angular/common/-/common-17.3.12.tgz",
      "integrity": "sha512-vabJzvrx76XXFrm1RJZ6o/CyG32piTB/1sfFfKHdlH1QrmArb8It4gyk9oEjZ1IkAD0HvBWlfWmn+T6Vx3pdUw==",
      "peer": true,
      "dependencies": {
        "tslib": "^2.3.0"
      },
      "engines": {
        "node": "^18.13.0 || >=20.9.0"
      },
      "peerDependencies": {
        "@angular/core": "17.3.12",
        "rxjs": "^6.5.3 || ^7.4.0"
      }
    },
    "node_modules/@angular/core": {
      "version": "17.3.12",
      "resolved": "https://registry.npmjs.org/@angular/core/-/core-17.3.12.tgz",
      "integrity": "sha512-MuFt5yKi161JmauUta4Dh0m8ofwoq6Ino+KoOtkYMBGsSx+A7dSm+DUxxNwdj7+DNyg3LjVGCFgBFnq4g8z06A==",
      "peer": true,
      "dependencies": {
        "tslib": "^2.3.0"
      },
      "engines": {
        "node": "^18.13.0 || >=20.9.0"
      },
      "peerDependencies": {
        "rxjs": "^6.5.3 || ^7.4.0",
        "zone.js": "~0.14.0"
      }
    },
    "node_modules/@bytescale/sdk": {
      "version": "3.51.0",
      "resolved": "https://registry.npmjs.org/@bytescale/sdk/-/sdk-3.51.0.tgz",
      "integrity": "sha512-lZ8qQz5mXs8cnJ/MTsS4DBHnPIYB4kfdaaq8wC6LaC9U8uV6vTYUxD3+YDoOrRmZANpWee1J/ZUZF/3bqwilBg==",
      "peer": true
    },
    "node_modules/@bytescale/upload-widget": {
      "version": "4.27.0",
      "resolved": "https://registry.npmjs.org/@bytescale/upload-widget/-/upload-widget-4.27.0.tgz",
      "integrity": "sha512-exh415C59sew5LEwYbwaOUvh39nJqZlRePs/qRsacsoXky/npda1bDibsZWLC+nmsunz59uWPDJIFoUOD4shfw==",
      "peer": true,
      "dependencies": {
        "@bytescale/sdk": "^3.38.3",
        "classnames": "^2.2.6",
        "preact": "^10.20.2"
      }
    },
    "node_modules/classnames": {
      "version": "2.5.1",
      "resolved": "https://registry.npmjs.org/classnames/-/classnames-2.5.1.tgz",
      "integrity": "sha512-saHYOzhIQs6wy2sVxTM6bUDsQO4F50V9RQ22qBpEdCW+I+/Wmke2HOl6lS6dTpdxVhb88/I6+Hs+438c3lfUow==",
      "peer": true
    },
    "node_modules/preact": {
      "version": "10.26.5",
      "resolved": "https://registry.npmjs.org/preact/-/preact-10.26.5.tgz",
      "integrity": "sha512-fmpDkgfGU6JYux9teDWLhj9mKN55tyepwYbxHgQuIxbWQzgFg5vk7Mrrtfx7xRxq798ynkY4DDDxZr235Kk+4w==",
      "peer": true,
      "funding": {
        "type": "opencollective",
        "url": "https://opencollective.com/preact"
      }
    },
    "node_modules/rxjs": {
      "version": "7.8.2",
      "resolved": "https://registry.npmjs.org/rxjs/-/rxjs-7.8.2.tgz",
      "integrity": "sha512-dhKf903U/PQZY6boNNtAGdWbG85WAbjT/1xYoZIC7FAY0yWapOBQVsVrDl58W86//e1VpMNBtRV4MaXfdMySFA==",
      "peer": true,
      "dependencies": {
        "tslib": "^2.1.0"
      }
    },
    "node_modules/tslib": {
      "version": "2.8.1",
      "resolved": "https://registry.npmjs.org/tslib/-/tslib-2.8.1.tgz",
      "integrity": "sha512-oJFu94HQb+KVduSUQL7wnpmqnfmLsOA/nAh6b6EH0wCEoK0/mPeXU6c3wKDV83MkOuHPRHtSXKKU99IBazS/2w=="
    },
    "node_modules/zone.js": {
      "version": "0.14.10",
      "resolved": "https://registry.npmjs.org/zone.js/-/zone.js-0.14.10.tgz",
      "integrity": "sha512-YGAhaO7J5ywOXW6InXNlLmfU194F8lVgu7bRntUF3TiG8Y3nBK0x1UJJuHUP/e8IyihkjCYqhCScpSwnlaSRkQ==",
      "peer": true
    }
  }
}
