{
  "name": "@bytescale/upload-widget-angular",
  "version": "9.16.0",
  "lockfileVersion": 3,
  "requires": true,
  "packages": {
    "": {
      "name": "@bytescale/upload-widget-angular",
      "version": "9.16.0",
      "license": "MIT",
      "dependencies": {
        "tslib": "^2.3.0"
      },
      "peerDependencies": {
        "@angular/common": ">=13",
        "@angular/core": ">=13",
        "@bytescale/upload-widget": "^4.29.0"
      }
    },
    "node_modules/@angular/common": {
      "version": "21.2.8",
      "resolved": "https://registry.npmjs.org/@angular/common/-/common-21.2.8.tgz",
      "integrity": "sha512-ZvgcxsLPkSG0B1jc2ZXshAWIFBoQ0U9uwIX/zG/RGcfMpoKyEDNAebli6FTIpxIlz/35rtBNV7EGPhinjPTJFQ==",
      "license": "MIT",
      "peer": true,
      "dependencies": {
        "tslib": "^2.3.0"
      },
      "engines": {
        "node": "^20.19.0 || ^22.12.0 || >=24.0.0"
      },
      "peerDependencies": {
        "@angular/core": "21.2.8",
        "rxjs": "^6.5.3 || ^7.4.0"
      }
    },
    "node_modules/@angular/core": {
      "version": "21.2.8",
      "resolved": "https://registry.npmjs.org/@angular/core/-/core-21.2.8.tgz",
      "integrity": "sha512-hI7n4t8qgFJaVV55LIaNuzcdP+/IeuqQRu3huSLo47Gf6uZAD0Acj4Ye9SC8YNmhUu5/RiImngm9NOlcI2oCJA==",
      "license": "MIT",
      "peer": true,
      "dependencies": {
        "tslib": "^2.3.0"
      },
      "engines": {
        "node": "^20.19.0 || ^22.12.0 || >=24.0.0"
      },
      "peerDependencies": {
        "@angular/compiler": "21.2.8",
        "rxjs": "^6.5.3 || ^7.4.0",
        "zone.js": "~0.15.0 || ~0.16.0"
      },
      "peerDependenciesMeta": {
        "@angular/compiler": {
          "optional": true
        },
        "zone.js": {
          "optional": true
        }
      }
    },
    "node_modules/@bytescale/sdk": {
      "version": "3.51.0",
      "resolved": "https://registry.npmjs.org/@bytescale/sdk/-/sdk-3.51.0.tgz",
      "integrity": "sha512-lZ8qQz5mXs8cnJ/MTsS4DBHnPIYB4kfdaaq8wC6LaC9U8uV6vTYUxD3+YDoOrRmZANpWee1J/ZUZF/3bqwilBg==",
      "peer": true
    },
    "node_modules/@bytescale/upload-widget": {
      "version": "4.29.0",
      "resolved": "https://registry.npmjs.org/@bytescale/upload-widget/-/upload-widget-4.29.0.tgz",
      "integrity": "sha512-/ej4r9mxODvdWY8nGp07H07XWe2njxyNaXW8WUpV/nLrOE4Kklohq4nyjd9PUFyO7+KIh3XhiG86jLnwlbZFHA==",
      "license": "MIT",
      "peer": true,
      "dependencies": {
        "@bytescale/sdk": "^3.38.3",
        "classnames": "^2.2.6",
        "preact": "^10.20.2"
      }
    },
    "node_modules/classnames": {
      "version": "2.5.1",
      "resolved": "https://registry.npmjs.org/classnames/-/classnames-2.5.1.tgz",
      "integrity": "sha512-saHYOzhIQs6wy2sVxTM6bUDsQO4F50V9RQ22qBpEdCW+I+/Wmke2HOl6lS6dTpdxVhb88/I6+Hs+438c3lfUow==",
      "peer": true
    },
    "node_modules/preact": {
      "version": "10.29.1",
      "resolved": "https://registry.npmjs.org/preact/-/preact-10.29.1.tgz",
      "integrity": "sha512-gQCLc/vWroE8lIpleXtdJhTFDogTdZG9AjMUpVkDf2iTCNwYNWA+u16dL41TqUDJO4gm2IgrcMv3uTpjd4Pwmg==",
      "license": "MIT",
      "peer": true,
      "funding": {
        "type": "opencollective",
        "url": "https://opencollective.com/preact"
      }
    },
    "node_modules/rxjs": {
      "version": "7.8.2",
      "resolved": "https://registry.npmjs.org/rxjs/-/rxjs-7.8.2.tgz",
      "integrity": "sha512-dhKf903U/PQZY6boNNtAGdWbG85WAbjT/1xYoZIC7FAY0yWapOBQVsVrDl58W86//e1VpMNBtRV4MaXfdMySFA==",
      "peer": true,
      "dependencies": {
        "tslib": "^2.1.0"
      }
    },
    "node_modules/tslib": {
      "version": "2.8.1",
      "resolved": "https://registry.npmjs.org/tslib/-/tslib-2.8.1.tgz",
      "integrity": "sha512-oJFu94HQb+KVduSUQL7wnpmqnfmLsOA/nAh6b6EH0wCEoK0/mPeXU6c3wKDV83MkOuHPRHtSXKKU99IBazS/2w=="
    },
    "node_modules/zone.js": {
      "version": "0.16.1",
      "resolved": "https://registry.npmjs.org/zone.js/-/zone.js-0.16.1.tgz",
      "integrity": "sha512-dpvY17vxYIW3+bNrP0ClUlaiY0CiIRK3tnoLaGoQsQcY9/I/NpzIWQ7tQNhbV7LacQMpCII6wVzuL3tuWOyfuA==",
      "license": "MIT",
      "optional": true,
      "peer": true
    }
  }
}
