{
  "name": "angular-uploader",
  "version": "6.0.1",
  "lockfileVersion": 1,
  "requires": true,
  "dependencies": {
    "@upload-io/upload-api-client-upload-js": {
      "version": "1.13.0",
      "resolved": "https://registry.npmjs.org/@upload-io/upload-api-client-upload-js/-/upload-api-client-upload-js-1.13.0.tgz",
      "integrity": "sha512-RPALUdB84on1dJ7v1J2Dk/OkT85yLLUmTvFWMVIC49/QsouwdSQNQi9kiGjjUXzvhG3PWcZsPVunaRyW3g1LqQ=="
    },
    "classnames": {
      "version": "2.3.1",
      "resolved": "https://registry.npmjs.org/classnames/-/classnames-2.3.1.tgz",
      "integrity": "sha512-OlQdbZ7gLfGarSqxesMesDa5uz7KFbID8Kpq/SxIoNGDqY8lSYs0D+hhtBXhcdB3rcbXArFr7vlHheLk1voeNA=="
    },
    "preact": {
      "version": "10.7.0",
      "resolved": "https://registry.npmjs.org/preact/-/preact-10.7.0.tgz",
      "integrity": "sha512-9MEURwzNMKpAil/t6+wabDIJI6oG6GnwypYxiJDvQnW+fHDTt51PYuLZ1QUM31hFr7sDaj9qTaShAF9VIxuxGQ=="
    },
    "progress-smoother": {
      "version": "1.3.0",
      "resolved": "https://registry.npmjs.org/progress-smoother/-/progress-smoother-1.3.0.tgz",
      "integrity": "sha512-vWtKd8Q1pQXHJ6Fx4pa5fbSCj+p6BPKfWufCVmagOjNKc3JsNsMfgTF55yx8UE0mNnZlnbKHr20+M/imHsnNbQ=="
    },
    "tslib": {
      "version": "2.3.1",
      "resolved": "https://registry.npmjs.org/tslib/-/tslib-2.3.1.tgz",
      "integrity": "sha512-77EbyPPpMz+FRFRuAFlWMtmgUWGe9UOG2Z25NqCwiIjRhOf5iKGuzSe5P2w1laq+FkRy4p+PCuVkJSGkzTEKVw=="
    },
    "upload-js": {
      "version": "1.44.3",
      "resolved": "https://registry.npmjs.org/upload-js/-/upload-js-1.44.3.tgz",
      "integrity": "sha512-tALr/DGlGGQ24aZj3P67xo78KLgAfhJBYSYGjL+/kdcuLaykEcK3F8WWocongreq5eRujWQjUHrhJK2mRrE8Zw==",
      "requires": {
        "@upload-io/upload-api-client-upload-js": "1.13.0",
        "progress-smoother": "1.3.0"
      }
    },
    "uploader": {
      "version": "1.37.3",
      "resolved": "https://registry.npmjs.org/uploader/-/uploader-1.37.3.tgz",
      "integrity": "sha512-9fZ748WJv1wakLm9NE8289dAFI1CysIveBaO43VCecvfvCimQZqo4R0pkgtdmHIhZQfx7pbQehMhtfFxGx+A8g==",
      "requires": {
        "classnames": "^2.2.6",
        "preact": "^10.6.5",
        "upload-js": "^1.44.3"
      }
    }
  }
}
