{
  "name": "angular-uploader",
  "version": "8.40.0",
  "lockfileVersion": 2,
  "requires": true,
  "packages": {
    "": {
      "name": "angular-uploader",
      "version": "8.40.0",
      "license": "MIT",
      "peerDependencies": {
        "@angular/common": ">=13",
        "@angular/core": ">=13",
        "tslib": "^2.3.0",
        "uploader": "^3.47.0"
      }
    },
    "node_modules/@angular/common": {
      "version": "13.3.12",
      "resolved": "https://registry.npmjs.org/@angular/common/-/common-13.3.12.tgz",
      "integrity": "sha512-Nk4zNKfda92aFe+cucHRv2keyryR7C1ZnsurwZW9WZSobpY3z2tTT81F+yy35lGoMt5BDBAIpfh1b4j9Ue/vMg==",
      "peer": true,
      "dependencies": {
        "tslib": "^2.3.0"
      },
      "engines": {
        "node": "^12.20.0 || ^14.15.0 || >=16.10.0"
      },
      "peerDependencies": {
        "@angular/core": "13.3.12",
        "rxjs": "^6.5.3 || ^7.4.0"
      }
    },
    "node_modules/@angular/core": {
      "version": "13.3.12",
      "resolved": "https://registry.npmjs.org/@angular/core/-/core-13.3.12.tgz",
      "integrity": "sha512-jx0YC+NbPMbxGr5bXECkCEQv2RdVxR8AJNnabkPk8ZjwCpDzROrbELwwS1kunrZUhffcD15IhWGBvf1EGHAYDw==",
      "peer": true,
      "dependencies": {
        "tslib": "^2.3.0"
      },
      "engines": {
        "node": "^12.20.0 || ^14.15.0 || >=16.10.0"
      },
      "peerDependencies": {
        "rxjs": "^6.5.3 || ^7.4.0",
        "zone.js": "~0.11.4"
      }
    },
    "node_modules/@upload-io/upload-api-client-upload-js": {
      "version": "2.18.0",
      "resolved": "https://registry.npmjs.org/@upload-io/upload-api-client-upload-js/-/upload-api-client-upload-js-2.18.0.tgz",
      "integrity": "sha512-yPwsRCecXSilYn4q5ZDD4fyI2PVyUcLimv2LQcfpV3hRyzc8t82NuWHYEYpRZa5K68zxw2RljDf30geT1vJN9g==",
      "peer": true
    },
    "node_modules/classnames": {
      "version": "2.3.2",
      "resolved": "https://registry.npmjs.org/classnames/-/classnames-2.3.2.tgz",
      "integrity": "sha512-CSbhY4cFEJRe6/GQzIk5qXZ4Jeg5pcsP7b5peFSDpffpe1cqjASH/n9UTjBwOp6XpMSTwQ8Za2K5V02ueA7Tmw==",
      "peer": true
    },
    "node_modules/preact": {
      "version": "10.11.0",
      "resolved": "https://registry.npmjs.org/preact/-/preact-10.11.0.tgz",
      "integrity": "sha512-Fk6+vB2kb6mSJfDgODq0YDhMfl0HNtK5+Uc9QqECO4nlyPAQwCI+BKyWO//idA7ikV7o+0Fm6LQmNuQi1wXI1w==",
      "peer": true,
      "funding": {
        "type": "opencollective",
        "url": "https://opencollective.com/preact"
      }
    },
    "node_modules/progress-smoother": {
      "version": "1.7.0",
      "resolved": "https://registry.npmjs.org/progress-smoother/-/progress-smoother-1.7.0.tgz",
      "integrity": "sha512-ZIbSbPQ8SnEf5Sa0If9lfvn5URyrZfgTTh5DM+04j1GafiLIaWDWW+1AkYXzGl7JQvzAvCy5E1ZPOgx8XORyew==",
      "peer": true
    },
    "node_modules/rxjs": {
      "version": "7.6.0",
      "resolved": "https://registry.npmjs.org/rxjs/-/rxjs-7.6.0.tgz",
      "integrity": "sha512-DDa7d8TFNUalGC9VqXvQ1euWNN7sc63TrUCuM9J998+ViviahMIjKSOU7rfcgFOF+FCD71BhDRv4hrFz+ImDLQ==",
      "peer": true,
      "dependencies": {
        "tslib": "^2.1.0"
      }
    },
    "node_modules/tslib": {
      "version": "2.3.1",
      "resolved": "https://registry.npmjs.org/tslib/-/tslib-2.3.1.tgz",
      "integrity": "sha512-77EbyPPpMz+FRFRuAFlWMtmgUWGe9UOG2Z25NqCwiIjRhOf5iKGuzSe5P2w1laq+FkRy4p+PCuVkJSGkzTEKVw==",
      "peer": true
    },
    "node_modules/upload-js": {
      "version": "2.22.0",
      "resolved": "https://registry.npmjs.org/upload-js/-/upload-js-2.22.0.tgz",
      "integrity": "sha512-LRyYMH/8evZ4F4F0To7tReHdyUt+KyGfRNpBzrF4srUW8UgQ2eqeEXzkTTp7hqtr1tb572QkfIzdMubxi5+OgQ==",
      "peer": true,
      "dependencies": {
        "@upload-io/upload-api-client-upload-js": "^2.18.0",
        "progress-smoother": "^1.7.0"
      }
    },
    "node_modules/uploader": {
      "version": "3.47.0",
      "resolved": "https://registry.npmjs.org/uploader/-/uploader-3.47.0.tgz",
      "integrity": "sha512-WEUWwUjnPnJxV2iRiTLWQfoRR3P0OlybKkI2uYzb9cRWW6p0ikAlY6QEZdVavuQl00Wa+wDVL06FPY+us7qa1w==",
      "peer": true,
      "dependencies": {
        "classnames": "^2.2.6",
        "preact": "^10.6.5",
        "upload-js": "^2.22.0"
      }
    },
    "node_modules/zone.js": {
      "version": "0.11.8",
      "resolved": "https://registry.npmjs.org/zone.js/-/zone.js-0.11.8.tgz",
      "integrity": "sha512-82bctBg2hKcEJ21humWIkXRlLBBmrc3nN7DFh5LGGhcyycO2S7FN8NmdvlcKaGFDNVL4/9kFLmwmInTavdJERA==",
      "peer": true,
      "dependencies": {
        "tslib": "^2.3.0"
      }
    }
  },
  "dependencies": {
    "@angular/common": {
      "version": "13.3.12",
      "resolved": "https://registry.npmjs.org/@angular/common/-/common-13.3.12.tgz",
      "integrity": "sha512-Nk4zNKfda92aFe+cucHRv2keyryR7C1ZnsurwZW9WZSobpY3z2tTT81F+yy35lGoMt5BDBAIpfh1b4j9Ue/vMg==",
      "peer": true,
      "requires": {
        "tslib": "^2.3.0"
      }
    },
    "@angular/core": {
      "version": "13.3.12",
      "resolved": "https://registry.npmjs.org/@angular/core/-/core-13.3.12.tgz",
      "integrity": "sha512-jx0YC+NbPMbxGr5bXECkCEQv2RdVxR8AJNnabkPk8ZjwCpDzROrbELwwS1kunrZUhffcD15IhWGBvf1EGHAYDw==",
      "peer": true,
      "requires": {
        "tslib": "^2.3.0"
      }
    },
    "@upload-io/upload-api-client-upload-js": {
      "version": "2.18.0",
      "resolved": "https://registry.npmjs.org/@upload-io/upload-api-client-upload-js/-/upload-api-client-upload-js-2.18.0.tgz",
      "integrity": "sha512-yPwsRCecXSilYn4q5ZDD4fyI2PVyUcLimv2LQcfpV3hRyzc8t82NuWHYEYpRZa5K68zxw2RljDf30geT1vJN9g==",
      "peer": true
    },
    "classnames": {
      "version": "2.3.2",
      "resolved": "https://registry.npmjs.org/classnames/-/classnames-2.3.2.tgz",
      "integrity": "sha512-CSbhY4cFEJRe6/GQzIk5qXZ4Jeg5pcsP7b5peFSDpffpe1cqjASH/n9UTjBwOp6XpMSTwQ8Za2K5V02ueA7Tmw==",
      "peer": true
    },
    "preact": {
      "version": "10.11.0",
      "resolved": "https://registry.npmjs.org/preact/-/preact-10.11.0.tgz",
      "integrity": "sha512-Fk6+vB2kb6mSJfDgODq0YDhMfl0HNtK5+Uc9QqECO4nlyPAQwCI+BKyWO//idA7ikV7o+0Fm6LQmNuQi1wXI1w==",
      "peer": true
    },
    "progress-smoother": {
      "version": "1.7.0",
      "resolved": "https://registry.npmjs.org/progress-smoother/-/progress-smoother-1.7.0.tgz",
      "integrity": "sha512-ZIbSbPQ8SnEf5Sa0If9lfvn5URyrZfgTTh5DM+04j1GafiLIaWDWW+1AkYXzGl7JQvzAvCy5E1ZPOgx8XORyew==",
      "peer": true
    },
    "rxjs": {
      "version": "7.6.0",
      "resolved": "https://registry.npmjs.org/rxjs/-/rxjs-7.6.0.tgz",
      "integrity": "sha512-DDa7d8TFNUalGC9VqXvQ1euWNN7sc63TrUCuM9J998+ViviahMIjKSOU7rfcgFOF+FCD71BhDRv4hrFz+ImDLQ==",
      "peer": true,
      "requires": {
        "tslib": "^2.1.0"
      }
    },
    "tslib": {
      "version": "2.3.1",
      "resolved": "https://registry.npmjs.org/tslib/-/tslib-2.3.1.tgz",
      "integrity": "sha512-77EbyPPpMz+FRFRuAFlWMtmgUWGe9UOG2Z25NqCwiIjRhOf5iKGuzSe5P2w1laq+FkRy4p+PCuVkJSGkzTEKVw==",
      "peer": true
    },
    "upload-js": {
      "version": "2.22.0",
      "resolved": "https://registry.npmjs.org/upload-js/-/upload-js-2.22.0.tgz",
      "integrity": "sha512-LRyYMH/8evZ4F4F0To7tReHdyUt+KyGfRNpBzrF4srUW8UgQ2eqeEXzkTTp7hqtr1tb572QkfIzdMubxi5+OgQ==",
      "peer": true,
      "requires": {
        "@upload-io/upload-api-client-upload-js": "^2.18.0",
        "progress-smoother": "^1.7.0"
      }
    },
    "uploader": {
      "version": "3.47.0",
      "resolved": "https://registry.npmjs.org/uploader/-/uploader-3.47.0.tgz",
      "integrity": "sha512-WEUWwUjnPnJxV2iRiTLWQfoRR3P0OlybKkI2uYzb9cRWW6p0ikAlY6QEZdVavuQl00Wa+wDVL06FPY+us7qa1w==",
      "peer": true,
      "requires": {
        "classnames": "^2.2.6",
        "preact": "^10.6.5",
        "upload-js": "^2.22.0"
      }
    },
    "zone.js": {
      "version": "0.11.8",
      "resolved": "https://registry.npmjs.org/zone.js/-/zone.js-0.11.8.tgz",
      "integrity": "sha512-82bctBg2hKcEJ21humWIkXRlLBBmrc3nN7DFh5LGGhcyycO2S7FN8NmdvlcKaGFDNVL4/9kFLmwmInTavdJERA==",
      "peer": true,
      "requires": {
        "tslib": "^2.3.0"
      }
    }
  }
}
